Microsoft Visual Studio Solution File, Format Version 12.00
# Visual Studio Version 17
VisualStudioVersion = 17.5.2.0
MinimumVisualStudioVersion = 10.0.40219.1
Project("{2150E333-8FDC-42A3-9474-1A3956D46DE8}") = "1-Fundamentos", "1-Fundamentos", "{6081D8EA-F6A8-FC5E-097C-66F578CDAC03}"
EndProject
Project("{2150E333-8FDC-42A3-9474-1A3956D46DE8}") = "1-BoasVindas", "1-BoasVindas", "{F258A97F-52C9-9521-64C1-CDB1AC0CF90A}"
EndProject
Project("{2150E333-8FDC-42A3-9474-1A3956D46DE8}") = "Infra", "Infra", "{02EA681E-C7D8-13C7-8484-4AC65E1B71E8}"
EndProject
Project("{FAE04EC0-301F-11D3-BF4B-00C04F79EFBC}") = "BoasVindas", "1-Fundamentos\1-BoasVindas\src\BoasVindas.csproj", "{36DD834A-C8B7-C2CC-AB9B-B3B3F5D10303}"
EndProject
Project("{FAE04EC0-301F-11D3-BF4B-00C04F79EFBC}") = "OllamaChatCompletation", "Infra\OllamaChatCompletation\OllamaChatCompletation.csproj", "{93D47762-87B5-279F-6EFA-918A713C77EF}"
EndProject
Global
	GlobalSection(SolutionConfigurationPlatforms) = preSolution
		Debug|Any CPU = Debug|Any CPU
		Release|Any CPU = Release|Any CPU
	EndGlobalSection
	GlobalSection(ProjectConfigurationPlatforms) = postSolution
		{36DD834A-C8B7-C2CC-AB9B-B3B3F5D10303}.Debug|Any CPU.ActiveCfg = Debug|Any CPU
		{36DD834A-C8B7-C2CC-AB9B-B3B3F5D10303}.Debug|Any CPU.Build.0 = Debug|Any CPU
		{36DD834A-C8B7-C2CC-AB9B-B3B3F5D10303}.Release|Any CPU.ActiveCfg = Release|Any CPU
		{36DD834A-C8B7-C2CC-AB9B-B3B3F5D10303}.Release|Any CPU.Build.0 = Release|Any CPU
		{93D47762-87B5-279F-6EFA-918A713C77EF}.Debug|Any CPU.ActiveCfg = Debug|Any CPU
		{93D47762-87B5-279F-6EFA-918A713C77EF}.Debug|Any CPU.Build.0 = Debug|Any CPU
		{93D47762-87B5-279F-6EFA-918A713C77EF}.Release|Any CPU.ActiveCfg = Release|Any CPU
		{93D47762-87B5-279F-6EFA-918A713C77EF}.Release|Any CPU.Build.0 = Release|Any CPU
	EndGlobalSection
	GlobalSection(SolutionProperties) = preSolution
		HideSolutionNode = FALSE
	EndGlobalSection
	GlobalSection(NestedProjects) = preSolution
		{F258A97F-52C9-9521-64C1-CDB1AC0CF90A} = {6081D8EA-F6A8-FC5E-097C-66F578CDAC03}
		{36DD834A-C8B7-C2CC-AB9B-B3B3F5D10303} = {F258A97F-52C9-9521-64C1-CDB1AC0CF90A}
		{93D47762-87B5-279F-6EFA-918A713C77EF} = {02EA681E-C7D8-13C7-8484-4AC65E1B71E8}
	EndGlobalSection
	GlobalSection(ExtensibilityGlobals) = postSolution
		SolutionGuid = {F07422C1-CBCC-46FA-96B0-52D5CBD377A8}
	EndGlobalSection
EndGlobal
